
Microsoft Visual Studio Solution File, Format Version 12.00
# Visual Studio Version 17
VisualStudioVersion = 17.0.32112.339
MinimumVisualStudioVersion = 10.0.40219.1
Project("{FAE04EC0-301F-11D3-BF4B-00C04F79EFBC}") = "SocialMedia.Api", "SocialMedia.Api\SocialMedia.Api.csproj", "{8DEC2D00-6CCA-424C-93D7-211D91E1DF3D}"
EndProject
Project("{FAE04EC0-301F-11D3-BF4B-00C04F79EFBC}") = "SocialMedia.Core", "SocialMedia.Core\SocialMedia.Core.csproj", "{1728AD83-EAC0-44C1-92CE-6776D5668797}"
EndProject
Project("{FAE04EC0-301F-11D3-BF4B-00C04F79EFBC}") = "SocialMedia.Infrastructure", "SocialMedia.Infrastructure\SocialMedia.Infrastructure.csproj", "{CA06BFE8-2C62-426A-BA43-8CBCA6B023F2}"
EndProject
Global
	GlobalSection(SolutionConfigurationPlatforms) = preSolution
		Debug|Any CPU = Debug|Any CPU
		Release|Any CPU = Release|Any CPU
	EndGlobalSection
	GlobalSection(ProjectConfigurationPlatforms) = postSolution
		{8DEC2D00-6CCA-424C-93D7-211D91E1DF3D}.Debug|Any CPU.ActiveCfg = Debug|Any CPU
		{8DEC2D00-6CCA-424C-93D7-211D91E1DF3D}.Debug|Any CPU.Build.0 = Debug|Any CPU
		{8DEC2D00-6CCA-424C-93D7-211D91E1DF3D}.Release|Any CPU.ActiveCfg = Release|Any CPU
		{8DEC2D00-6CCA-424C-93D7-211D91E1DF3D}.Release|Any CPU.Build.0 = Release|Any CPU
		{1728AD83-EAC0-44C1-92CE-6776D5668797}.Debug|Any CPU.ActiveCfg = Debug|Any CPU
		{1728AD83-EAC0-44C1-92CE-6776D5668797}.Debug|Any CPU.Build.0 = Debug|Any CPU
		{1728AD83-EAC0-44C1-92CE-6776D5668797}.Release|Any CPU.ActiveCfg = Release|Any CPU
		{1728AD83-EAC0-44C1-92CE-6776D5668797}.Release|Any CPU.Build.0 = Release|Any CPU
		{CA06BFE8-2C62-426A-BA43-8CBCA6B023F2}.Debug|Any CPU.ActiveCfg = Debug|Any CPU
		{CA06BFE8-2C62-426A-BA43-8CBCA6B023F2}.Debug|Any CPU.Build.0 = Debug|Any CPU
		{CA06BFE8-2C62-426A-BA43-8CBCA6B023F2}.Release|Any CPU.ActiveCfg = Release|Any CPU
		{CA06BFE8-2C62-426A-BA43-8CBCA6B023F2}.Release|Any CPU.Build.0 = Release|Any CPU
	EndGlobalSection
	GlobalSection(SolutionProperties) = preSolution
		HideSolutionNode = FALSE
	EndGlobalSection
	GlobalSection(ExtensibilityGlobals) = postSolution
		SolutionGuid = {C7DEC4CE-AD9A-4A1F-9183-6B430B1CC3F5}
	EndGlobalSection
EndGlobal
